// !$*UTF8*$!
{
	archiveVersion = 1;
	classes = {
	};
	objectVersion = 56;
	objects = {

/* Begin PBXBuildFile section */
		3496D148298026330066787E /* NOM_BEARApp.swift in Sources */ = {isa = PBXBuildFile; fileRef = 3496D147298026330066787E /* NOM_BEARApp.swift */; };
		3496D14C298026360066787E /* Assets.xcassets in Resources */ = {isa = PBXBuildFile; fileRef = 3496D14B298026360066787E /* Assets.xcassets */; };
		3496D14F298026360066787E /* Preview Assets.xcassets in Resources */ = {isa = PBXBuildFile; fileRef = 3496D14E298026360066787E /* Preview Assets.xcassets */; };
		3496D15E29802A1A0066787E /* HomeView.swift in Sources */ = {isa = PBXBuildFile; fileRef = 3496D15D29802A1A0066787E /* HomeView.swift */; };
		3496D16129802A8B0066787E /* MapViewRepresentable.swift in Sources */ = {isa = PBXBuildFile; fileRef = 3496D16029802A8B0066787E /* MapViewRepresentable.swift */; };
		3496D16329819F940066787E /* LocationManager.swift in Sources */ = {isa = PBXBuildFile; fileRef = 3496D16229819F940066787E /* LocationManager.swift */; };
		349A954D2982B33600D12B4A /* LocationSearchActivationView.swift in Sources */ = {isa = PBXBuildFile; fileRef = 349A954C2982B33600D12B4A /* LocationSearchActivationView.swift */; };
		349A95502982B43C00D12B4A /* MapViewActionButton.swift in Sources */ = {isa = PBXBuildFile; fileRef = 349A954F2982B43C00D12B4A /* MapViewActionButton.swift */; };
		349A95522982B52B00D12B4A /* LocationSearchView.swift in Sources */ = {isa = PBXBuildFile; fileRef = 349A95512982B52B00D12B4A /* LocationSearchView.swift */; };
		349A95552982B6CE00D12B4A /* LocationSearchResultCell.swift in Sources */ = {isa = PBXBuildFile; fileRef = 349A95542982B6CE00D12B4A /* LocationSearchResultCell.swift */; };
		349A95572982B9EC00D12B4A /* LocationSearchViewModel.swift in Sources */ = {isa = PBXBuildFile; fileRef = 349A95562982B9EC00D12B4A /* LocationSearchViewModel.swift */; };
/* End PBXBuildFile section */

/* Begin PBXFileReference section */
		3496D144298026330066787E /* NOM-BEAR.app */ = {isa = PBXFileReference; explicitFileType = wrapper.application; includeInIndex = 0; path = "NOM-BEAR.app"; sourceTree = BUILT_PRODUCTS_DIR; };
		3496D147298026330066787E /* NOM_BEARApp.swift */ = {isa = PBXFileReference; lastKnownFileType = sourcecode.swift; path = NOM_BEARApp.swift; sourceTree = "<group>"; };
		3496D14B298026360066787E /* Assets.xcassets */ = {isa = PBXFileReference; lastKnownFileType = folder.assetcatalog; path = Assets.xcassets; sourceTree = "<group>"; };
		3496D14E298026360066787E /* Preview Assets.xcassets */ = {isa = PBXFileReference; lastKnownFileType = folder.assetcatalog; path = "Preview Assets.xcassets"; sourceTree = "<group>"; };
		3496D15D29802A1A0066787E /* HomeView.swift */ = {isa = PBXFileReference; lastKnownFileType = sourcecode.swift; path = HomeView.swift; sourceTree = "<group>"; };
		3496D16029802A8B0066787E /* MapViewRepresentable.swift */ = {isa = PBXFileReference; lastKnownFileType = sourcecode.swift; path = MapViewRepresentable.swift; sourceTree = "<group>"; };
		3496D16229819F940066787E /* LocationManager.swift */ = {isa = PBXFileReference; lastKnownFileType = sourcecode.swift; path = LocationManager.swift; sourceTree = "<group>"; };
		349A954C2982B33600D12B4A /* LocationSearchActivationView.swift */ = {isa = PBXFileReference; lastKnownFileType = sourcecode.swift; path = LocationSearchActivationView.swift; sourceTree = "<group>"; };
		349A954F2982B43C00D12B4A /* MapViewActionButton.swift */ = {isa = PBXFileReference; lastKnownFileType = sourcecode.swift; path = MapViewActionButton.swift; sourceTree = "<group>"; };
		349A95512982B52B00D12B4A /* LocationSearchView.swift */ = {isa = PBXFileReference; lastKnownFileType = sourcecode.swift; path = LocationSearchView.swift; sourceTree = "<group>"; };
		349A95542982B6CE00D12B4A /* LocationSearchResultCell.swift */ = {isa = PBXFileReference; lastKnownFileType = sourcecode.swift; path = LocationSearchResultCell.swift; sourceTree = "<group>"; };
		349A95562982B9EC00D12B4A /* LocationSearchViewModel.swift */ = {isa = PBXFileReference; lastKnownFileType = sourcecode.swift; path = LocationSearchViewModel.swift; sourceTree = "<group>"; };
/* End PBXFileReference section */

/* Begin PBXFrameworksBuildPhase section */
		3496D141298026330066787E /* Frameworks */ = {
			isa = PBXFrameworksBuildPhase;
			buildActionMask = 2147483647;
			files = (
			);
			runOnlyForDeploymentPostprocessing = 0;
		};
/* End PBXFrameworksBuildPhase section */

/* Begin PBXGroup section */
		3496D13B298026330066787E = {
			isa = PBXGroup;
			children = (
				3496D146298026330066787E /* NOM-BEAR */,
				3496D145298026330066787E /* Products */,
			);
			sourceTree = "<group>";
		};
		3496D145298026330066787E /* Products */ = {
			isa = PBXGroup;
			children = (
				3496D144298026330066787E /* NOM-BEAR.app */,
			);
			name = Products;
			sourceTree = "<group>";
		};
		3496D146298026330066787E /* NOM-BEAR */ = {
			isa = PBXGroup;
			children = (
				3496D15A2980277B0066787E /* App */,
				3496D1592980277A0066787E /* Core */,
				3496D158298027790066787E /* Extensions */,
				3496D157298027750066787E /* Managers */,
				3496D155298027720066787E /* Models */,
				3496D147298026330066787E /* NOM_BEARApp.swift */,
				3496D14B298026360066787E /* Assets.xcassets */,
				3496D14D298026360066787E /* Preview Content */,
			);
			path = "NOM-BEAR";
			sourceTree = "<group>";
		};
		3496D14D298026360066787E /* Preview Content */ = {
			isa = PBXGroup;
			children = (
				3496D14E298026360066787E /* Preview Assets.xcassets */,
			);
			path = "Preview Content";
			sourceTree = "<group>";
		};
		3496D155298027720066787E /* Models */ = {
			isa = PBXGroup;
			children = (
			);
			path = Models;
			sourceTree = "<group>";
		};
		3496D157298027750066787E /* Managers */ = {
			isa = PBXGroup;
			children = (
				3496D16229819F940066787E /* LocationManager.swift */,
			);
			path = Managers;
			sourceTree = "<group>";
		};
		3496D158298027790066787E /* Extensions */ = {
			isa = PBXGroup;
			children = (
			);
			path = Extensions;
			sourceTree = "<group>";
		};
		3496D1592980277A0066787E /* Core */ = {
			isa = PBXGroup;
			children = (
				349A95492982B2FC00D12B4A /* LocationSearch */,
				349A95482982B2EF00D12B4A /* Home */,
			);
			path = Core;
			sourceTree = "<group>";
		};
		3496D15A2980277B0066787E /* App */ = {
			isa = PBXGroup;
			children = (
			);
			path = App;
			sourceTree = "<group>";
		};
		3496D15B298029DF0066787E /* ViewModel */ = {
			isa = PBXGroup;
			children = (
			);
			path = ViewModel;
			sourceTree = "<group>";
		};
		3496D15C298029E70066787E /* View */ = {
			isa = PBXGroup;
			children = (
				3496D15D29802A1A0066787E /* HomeView.swift */,
				3496D16029802A8B0066787E /* MapViewRepresentable.swift */,
				349A954F2982B43C00D12B4A /* MapViewActionButton.swift */,
			);
			path = View;
			sourceTree = "<group>";
		};
		349A95482982B2EF00D12B4A /* Home */ = {
			isa = PBXGroup;
			children = (
				3496D15B298029DF0066787E /* ViewModel */,
				3496D15C298029E70066787E /* View */,
			);
			path = Home;
			sourceTree = "<group>";
		};
		349A95492982B2FC00D12B4A /* LocationSearch */ = {
			isa = PBXGroup;
			children = (
				349A954B2982B30700D12B4A /* ViewModel */,
				349A954A2982B30200D12B4A /* Views */,
			);
			path = LocationSearch;
			sourceTree = "<group>";
		};
		349A954A2982B30200D12B4A /* Views */ = {
			isa = PBXGroup;
			children = (
				349A954C2982B33600D12B4A /* LocationSearchActivationView.swift */,
				349A95512982B52B00D12B4A /* LocationSearchView.swift */,
				349A95542982B6CE00D12B4A /* LocationSearchResultCell.swift */,
			);
			path = Views;
			sourceTree = "<group>";
		};
		349A954B2982B30700D12B4A /* ViewModel */ = {
			isa = PBXGroup;
			children = (
				349A95562982B9EC00D12B4A /* LocationSearchViewModel.swift */,
			);
			path = ViewModel;
			sourceTree = "<group>";
		};
/* End PBXGroup section */

/* Begin PBXNativeTarget section */
		3496D143298026330066787E /* NOM-BEAR */ = {
			isa = PBXNativeTarget;
			buildConfigurationList = 3496D152298026360066787E /* Build configuration list for PBXNativeTarget "NOM-BEAR" */;
			buildPhases = (
				3496D140298026330066787E /* Sources */,
				3496D141298026330066787E /* Frameworks */,
				3496D142298026330066787E /* Resources */,
			);
			buildRules = (
			);
			dependencies = (
			);
			name = "NOM-BEAR";
			productName = "NOM-BEAR";
			productReference = 3496D144298026330066787E /* NOM-BEAR.app */;
			productType = "com.apple.product-type.application";
		};
/* End PBXNativeTarget section */

/* Begin PBXProject section */
		3496D13C298026330066787E /* Project object */ = {
			isa = PBXProject;
			attributes = {
				BuildIndependentTargetsInParallel = 1;
				LastSwiftUpdateCheck = 1420;
				LastUpgradeCheck = 1420;
				TargetAttributes = {
					3496D143298026330066787E = {
						CreatedOnToolsVersion = 14.2;
					};
				};
			};
			buildConfigurationList = 3496D13F298026330066787E /* Build configuration list for PBXProject "NOM-BEAR" */;
			compatibilityVersion = "Xcode 14.0";
			developmentRegion = en;
			hasScannedForEncodings = 0;
			knownRegions = (
				en,
				Base,
			);
			mainGroup = 3496D13B298026330066787E;
			productRefGroup = 3496D145298026330066787E /* Products */;
			projectDirPath = "";
			projectRoot = "";
			targets = (
				3496D143298026330066787E /* NOM-BEAR */,
			);
		};
/* End PBXProject section */

/* Begin PBXResourcesBuildPhase section */
		3496D142298026330066787E /* Resources */ = {
			isa = PBXResourcesBuildPhase;
			buildActionMask = 2147483647;
			files = (
				3496D14F298026360066787E /* Preview Assets.xcassets in Resources */,
				3496D14C298026360066787E /* Assets.xcassets in Resources */,
			);
			runOnlyForDeploymentPostprocessing = 0;
		};
/* End PBXResourcesBuildPhase section */

/* Begin PBXSourcesBuildPhase section */
		3496D140298026330066787E /* Sources */ = {
			isa = PBXSourcesBuildPhase;
			buildActionMask = 2147483647;
			files = (
				349A95572982B9EC00D12B4A /* LocationSearchViewModel.swift in Sources */,
				349A95522982B52B00D12B4A /* LocationSearchView.swift in Sources */,
				3496D16329819F940066787E /* LocationManager.swift in Sources */,
				349A95502982B43C00D12B4A /* MapViewActionButton.swift in Sources */,
				3496D15E29802A1A0066787E /* HomeView.swift in Sources */,
				3496D16129802A8B0066787E /* MapViewRepresentable.swift in Sources */,
				3496D148298026330066787E /* NOM_BEARApp.swift in Sources */,
				349A954D2982B33600D12B4A /* LocationSearchActivationView.swift in Sources */,
				349A95552982B6CE00D12B4A /* LocationSearchResultCell.swift in Sources */,
			);
			runOnlyForDeploymentPostprocessing = 0;
		};
/* End PBXSourcesBuildPhase section */

/* Begin XCBuildConfiguration section */
		3496D150298026360066787E /* Debug */ = {
			isa = XCBuildConfiguration;
			buildSettings = {
				ALWAYS_SEARCH_USER_PATHS = NO;
				CLANG_ANALYZER_NONNULL = YES;
				CLANG_ANALYZER_NUMBER_OBJECT_CONVERSION = YES_AGGRESSIVE;
				CLANG_CXX_LANGUAGE_STANDARD = "gnu++20";
				CLANG_ENABLE_MODULES = YES;
				CLANG_ENABLE_OBJC_ARC = YES;
				CLANG_ENABLE_OBJC_WEAK = YES;
				CLANG_WARN_BLOCK_CAPTURE_AUTORELEASING = YES;
				CLANG_WARN_BOOL_CONVERSION = YES;
				CLANG_WARN_COMMA = YES;
				CLANG_WARN_CONSTANT_CONVERSION = YES;
				CLANG_WARN_DEPRECATED_OBJC_IMPLEMENTATIONS = YES;
				CLANG_WARN_DIRECT_OBJC_ISA_USAGE = YES_ERROR;
				CLANG_WARN_DOCUMENTATION_COMMENTS = YES;
				CLANG_WARN_EMPTY_BODY = YES;
				CLANG_WARN_ENUM_CONVERSION = YES;
				CLANG_WARN_INFINITE_RECURSION = YES;
				CLANG_WARN_INT_CONVERSION = YES;
				CLANG_WARN_NON_LITERAL_NULL_CONVERSION = YES;
				CLANG_WARN_OBJC_IMPLICIT_RETAIN_SELF = YES;
				CLANG_WARN_OBJC_LITERAL_CONVERSION = YES;
				CLANG_WARN_OBJC_ROOT_CLASS = YES_ERROR;
				CLANG_WARN_QUOTED_INCLUDE_IN_FRAMEWORK_HEADER = YES;
				CLANG_WARN_RANGE_LOOP_ANALYSIS = YES;
				CLANG_WARN_STRICT_PROTOTYPES = YES;
				CLANG_WARN_SUSPICIOUS_MOVE = YES;
				CLANG_WARN_UNGUARDED_AVAILABILITY = YES_AGGRESSIVE;
				CLANG_WARN_UNREACHABLE_CODE = YES;
				CLANG_WARN__DUPLICATE_METHOD_MATCH = YES;
				COPY_PHASE_STRIP = NO;
				DEBUG_INFORMATION_FORMAT = dwarf;
				ENABLE_STRICT_OBJC_MSGSEND = YES;
				ENABLE_TESTABILITY = YES;
				GCC_C_LANGUAGE_STANDARD = gnu11;
				GCC_DYNAMIC_NO_PIC = NO;
				GCC_NO_COMMON_BLOCKS = YES;
				GCC_OPTIMIZATION_LEVEL = 0;
				GCC_PREPROCESSOR_DEFINITIONS = (
					"DEBUG=1",
					"$(inherited)",
				);
				GCC_WARN_64_TO_32_BIT_CONVERSION = YES;
				GCC_WARN_ABOUT_RETURN_TYPE = YES_ERROR;
				GCC_WARN_UNDECLARED_SELECTOR = YES;
				GCC_WARN_UNINITIALIZED_AUTOS = YES_AGGRESSIVE;
				GCC_WARN_UNUSED_FUNCTION = YES;
				GCC_WARN_UNUSED_VARIABLE = YES;
				IPHONEOS_DEPLOYMENT_TARGET = 16.2;
				MTL_ENABLE_DEBUG_INFO = INCLUDE_SOURCE;
				MTL_FAST_MATH = YES;
				ONLY_ACTIVE_ARCH = YES;
				SDKROOT = iphoneos;
				SWIFT_ACTIVE_COMPILATION_CONDITIONS = DEBUG;
				SWIFT_OPTIMIZATION_LEVEL = "-Onone";
			};
			name = Debug;
		};
		3496D151298026360066787E /* Release */ = {
			isa = XCBuildConfiguration;
			buildSettings = {
				ALWAYS_SEARCH_USER_PATHS = NO;
				CLANG_ANALYZER_NONNULL = YES;
				CLANG_ANALYZER_NUMBER_OBJECT_CONVERSION = YES_AGGRESSIVE;
				CLANG_CXX_LANGUAGE_STANDARD = "gnu++20";
				CLANG_ENABLE_MODULES = YES;
				CLANG_ENABLE_OBJC_ARC = YES;
				CLANG_ENABLE_OBJC_WEAK = YES;
				CLANG_WARN_BLOCK_CAPTURE_AUTORELEASING = YES;
				CLANG_WARN_BOOL_CONVERSION = YES;
				CLANG_WARN_COMMA = YES;
				CLANG_WARN_CONSTANT_CONVERSION = YES;
				CLANG_WARN_DEPRECATED_OBJC_IMPLEMENTATIONS = YES;
				CLANG_WARN_DIRECT_OBJC_ISA_USAGE = YES_ERROR;
				CLANG_WARN_DOCUMENTATION_COMMENTS = YES;
				CLANG_WARN_EMPTY_BODY = YES;
				CLANG_WARN_ENUM_CONVERSION = YES;
				CLANG_WARN_INFINITE_RECURSION = YES;
				CLANG_WARN_INT_CONVERSION = YES;
				CLANG_WARN_NON_LITERAL_NULL_CONVERSION = YES;
				CLANG_WARN_OBJC_IMPLICIT_RETAIN_SELF = YES;
				CLANG_WARN_OBJC_LITERAL_CONVERSION = YES;
				CLANG_WARN_OBJC_ROOT_CLASS = YES_ERROR;
				CLANG_WARN_QUOTED_INCLUDE_IN_FRAMEWORK_HEADER = YES;
				CLANG_WARN_RANGE_LOOP_ANALYSIS = YES;
				CLANG_WARN_STRICT_PROTOTYPES = YES;
				CLANG_WARN_SUSPICIOUS_MOVE = YES;
				CLANG_WARN_UNGUARDED_AVAILABILITY = YES_AGGRESSIVE;
				CLANG_WARN_UNREACHABLE_CODE = YES;
				CLANG_WARN__DUPLICATE_METHOD_MATCH = YES;
				COPY_PHASE_STRIP = NO;
				DEBUG_INFORMATION_FORMAT = "dwarf-with-dsym";
				ENABLE_NS_ASSERTIONS = NO;
				ENABLE_STRICT_OBJC_MSGSEND = YES;
				GCC_C_LANGUAGE_STANDARD = gnu11;
				GCC_NO_COMMON_BLOCKS = YES;
				GCC_WARN_64_TO_32_BIT_CONVERSION = YES;
				GCC_WARN_ABOUT_RETURN_TYPE = YES_ERROR;
				GCC_WARN_UNDECLARED_SELECTOR = YES;
				GCC_WARN_UNINITIALIZED_AUTOS = YES_AGGRESSIVE;
				GCC_WARN_UNUSED_FUNCTION = YES;
				GCC_WARN_UNUSED_VARIABLE = YES;
				IPHONEOS_DEPLOYMENT_TARGET = 16.2;
				MTL_ENABLE_DEBUG_INFO = NO;
				MTL_FAST_MATH = YES;
				SDKROOT = iphoneos;
				SWIFT_COMPILATION_MODE = wholemodule;
				SWIFT_OPTIMIZATION_LEVEL = "-O";
				VALIDATE_PRODUCT = YES;
			};
			name = Release;
		};
		3496D153298026360066787E /* Debug */ = {
			isa = XCBuildConfiguration;
			buildSettings = {
				ASSETCATALOG_COMPILER_APPICON_NAME = AppIcon;
				ASSETCATALOG_COMPILER_GLOBAL_ACCENT_COLOR_NAME = AccentColor;
				CODE_SIGN_STYLE = Automatic;
				CURRENT_PROJECT_VERSION = 1;
				DEVELOPMENT_ASSET_PATHS = "\"NOM-BEAR/Preview Content\"";
				DEVELOPMENT_TEAM = MW2482B7WH;
				ENABLE_PREVIEWS = YES;
				GENERATE_INFOPLIST_FILE = YES;
				INFOPLIST_KEY_NSLocationWhenInUseUsageDescription = "Please allow us to access your location to find you nearby bear ";
				INFOPLIST_KEY_UIApplicationSceneManifest_Generation = YES;
				INFOPLIST_KEY_UIApplicationSupportsIndirectInputEvents = YES;
				INFOPLIST_KEY_UILaunchScreen_Generation = YES;
				INFOPLIST_KEY_UISupportedInterfaceOrientations_iPad = "UIInterfaceOrientationPortrait UIInterfaceOrientationPortraitUpsideDown UIInterfaceOrientationLandscapeLeft UIInterfaceOrientationLandscapeRight";
				INFOPLIST_KEY_UISupportedInterfaceOrientations_iPhone = "UIInterfaceOrientationPortrait UIInterfaceOrientationLandscapeLeft UIInterfaceOrientationLandscapeRight";
				LD_RUNPATH_SEARCH_PATHS = (
					"$(inherited)",
					"@executable_path/Frameworks",
				);
				MARKETING_VERSION = 1.0;
				PRODUCT_BUNDLE_IDENTIFIER = "NomoSiOS.NOM-BEAR";
				PRODUCT_NAME = "$(TARGET_NAME)";
				SUPPORTED_PLATFORMS = "iphoneos iphonesimulator";
				SUPPORTS_MACCATALYST = NO;
				SUPPORTS_MAC_DESIGNED_FOR_IPHONE_IPAD = NO;
				SWIFT_EMIT_LOC_STRINGS = YES;
				SWIFT_VERSION = 5.0;
				TARGETED_DEVICE_FAMILY = 1;
			};
			name = Debug;
		};
		3496D154298026360066787E /* Release */ = {
			isa = XCBuildConfiguration;
			buildSettings = {
				ASSETCATALOG_COMPILER_APPICON_NAME = AppIcon;
				ASSETCATALOG_COMPILER_GLOBAL_ACCENT_COLOR_NAME = AccentColor;
				CODE_SIGN_STYLE = Automatic;
				CURRENT_PROJECT_VERSION = 1;
				DEVELOPMENT_ASSET_PATHS = "\"NOM-BEAR/Preview Content\"";
				DEVELOPMENT_TEAM = MW2482B7WH;
				ENABLE_PREVIEWS = YES;
				GENERATE_INFOPLIST_FILE = YES;
				INFOPLIST_KEY_NSLocationWhenInUseUsageDescription = "Please allow us to access your location to find you nearby bear ";
				INFOPLIST_KEY_UIApplicationSceneManifest_Generation = YES;
				INFOPLIST_KEY_UIApplicationSupportsIndirectInputEvents = YES;
				INFOPLIST_KEY_UILaunchScreen_Generation = YES;
				INFOPLIST_KEY_UISupportedInterfaceOrientations_iPad = "UIInterfaceOrientationPortrait UIInterfaceOrientationPortraitUpsideDown UIInterfaceOrientationLandscapeLeft UIInterfaceOrientationLandscapeRight";
				INFOPLIST_KEY_UISupportedInterfaceOrientations_iPhone = "UIInterfaceOrientationPortrait UIInterfaceOrientationLandscapeLeft UIInterfaceOrientationLandscapeRight";
				LD_RUNPATH_SEARCH_PATHS = (
					"$(inherited)",
					"@executable_path/Frameworks",
				);
				MARKETING_VERSION = 1.0;
				PRODUCT_BUNDLE_IDENTIFIER = "NomoSiOS.NOM-BEAR";
				PRODUCT_NAME = "$(TARGET_NAME)";
				SUPPORTED_PLATFORMS = "iphoneos iphonesimulator";
				SUPPORTS_MACCATALYST = NO;
				SUPPORTS_MAC_DESIGNED_FOR_IPHONE_IPAD = NO;
				SWIFT_EMIT_LOC_STRINGS = YES;
				SWIFT_VERSION = 5.0;
				TARGETED_DEVICE_FAMILY = 1;
			};
			name = Release;
		};
/* End XCBuildConfiguration section */

/* Begin XCConfigurationList section */
		3496D13F298026330066787E /* Build configuration list for PBXProject "NOM-BEAR" */ = {
			isa = XCConfigurationList;
			buildConfigurations = (
				3496D150298026360066787E /* Debug */,
				3496D151298026360066787E /* Release */,
			);
			defaultConfigurationIsVisible = 0;
			defaultConfigurationName = Release;
		};
		3496D152298026360066787E /* Build configuration list for PBXNativeTarget "NOM-BEAR" */ = {
			isa = XCConfigurationList;
			buildConfigurations = (
				3496D153298026360066787E /* Debug */,
				3496D154298026360066787E /* Release */,
			);
			defaultConfigurationIsVisible = 0;
			defaultConfigurationName = Release;
		};
/* End XCConfigurationList section */
	};
	rootObject = 3496D13C298026330066787E /* Project object */;
}
